
Microsoft Visual Studio Solution File, Format Version 12.00
# Visual Studio Version 17
VisualStudioVersion = 17.6.33723.286
MinimumVisualStudioVersion = 10.0.40219.1
Project("{FAE04EC0-301F-11D3-BF4B-00C04F79EFBC}") = "1_Development_and_build_tools", "1_Development_and_build_tools\1_Development_and_build_tools.csproj", "{3D9A635A-0262-4733-AB4F-760909C6628D}"
EndProject
Global
	GlobalSection(SolutionConfigurationPlatforms) = preSolution
		Debug|Any CPU = Debug|Any CPU
		Release|Any CPU = Release|Any CPU
	EndGlobalSection
	GlobalSection(ProjectConfigurationPlatforms) = postSolution
		{3D9A635A-0262-4733-AB4F-760909C6628D}.Debug|Any CPU.ActiveCfg = Debug|Any CPU
		{3D9A635A-0262-4733-AB4F-760909C6628D}.Debug|Any CPU.Build.0 = Debug|Any CPU
		{3D9A635A-0262-4733-AB4F-760909C6628D}.Release|Any CPU.ActiveCfg = Release|Any CPU
		{3D9A635A-0262-4733-AB4F-760909C6628D}.Release|Any CPU.Build.0 = Release|Any CPU
	EndGlobalSection
	GlobalSection(SolutionProperties) = preSolution
		HideSolutionNode = FALSE
	EndGlobalSection
	GlobalSection(ExtensibilityGlobals) = postSolution
		SolutionGuid = {74E8D98B-2860-47D5-A9B5-0A50E3E83D95}
	EndGlobalSection
EndGlobal
