
Microsoft Visual Studio Solution File, Format Version 12.00
# Visual Studio Version 17
VisualStudioVersion = 17.8.34309.116
MinimumVisualStudioVersion = 10.0.40219.1
Project("{FAE04EC0-301F-11D3-BF4B-00C04F79EFBC}") = "Locator", "Locator\Locator.csproj", "{80DEFA20-C9D9-4DE5-A487-9A9395FBBCD5}"
EndProject
Global
	GlobalSection(SolutionConfigurationPlatforms) = preSolution
		Debug|Any CPU = Debug|Any CPU
		Release|Any CPU = Release|Any CPU
	EndGlobalSection
	GlobalSection(ProjectConfigurationPlatforms) = postSolution
		{80DEFA20-C9D9-4DE5-A487-9A9395FBBCD5}.Debug|Any CPU.ActiveCfg = Debug|Any CPU
		{80DEFA20-C9D9-4DE5-A487-9A9395FBBCD5}.Debug|Any CPU.Build.0 = Debug|Any CPU
		{80DEFA20-C9D9-4DE5-A487-9A9395FBBCD5}.Release|Any CPU.ActiveCfg = Release|Any CPU
		{80DEFA20-C9D9-4DE5-A487-9A9395FBBCD5}.Release|Any CPU.Build.0 = Release|Any CPU
	EndGlobalSection
	GlobalSection(SolutionProperties) = preSolution
		HideSolutionNode = FALSE
	EndGlobalSection
	GlobalSection(ExtensibilityGlobals) = postSolution
		SolutionGuid = {20CD9B7D-B7D7-4626-BD5E-2FE6002201EF}
	EndGlobalSection
EndGlobal
